
Microsoft Visual Studio Solution File, Format Version 12.00
# Visual Studio Version 17
VisualStudioVersion = 17.14.36915.13 d17.14
MinimumVisualStudioVersion = 10.0.40219.1
Project("{FAE04EC0-301F-11D3-BF4B-00C04F79EFBC}") = "Tugas_Week_3", "Tugas_Week_3\Tugas_Week_3.csproj", "{D0530818-D3EF-4725-B8B5-63A1C8D45C5B}"
EndProject
Global
	GlobalSection(SolutionConfigurationPlatforms) = preSolution
		Debug|Any CPU = Debug|Any CPU
		Release|Any CPU = Release|Any CPU
	EndGlobalSection
	GlobalSection(ProjectConfigurationPlatforms) = postSolution
		{D0530818-D3EF-4725-B8B5-63A1C8D45C5B}.Debug|Any CPU.ActiveCfg = Debug|Any CPU
		{D0530818-D3EF-4725-B8B5-63A1C8D45C5B}.Debug|Any CPU.Build.0 = Debug|Any CPU
		{D0530818-D3EF-4725-B8B5-63A1C8D45C5B}.Release|Any CPU.ActiveCfg = Release|Any CPU
		{D0530818-D3EF-4725-B8B5-63A1C8D45C5B}.Release|Any CPU.Build.0 = Release|Any CPU
	EndGlobalSection
	GlobalSection(SolutionProperties) = preSolution
		HideSolutionNode = FALSE
	EndGlobalSection
	GlobalSection(ExtensibilityGlobals) = postSolution
		SolutionGuid = {FE6003A3-9ACF-43F2-96C2-DEDFC26F26B4}
	EndGlobalSection
EndGlobal
